
Microsoft Visual Studio Solution File, Format Version 12.00
# Visual Studio Version 17
VisualStudioVersion = 17.12.35527.113
MinimumVisualStudioVersion = 10.0.40219.1
Project("{FAE04EC0-301F-11D3-BF4B-00C04F79EFBC}") = "Logger", "Logger\Logger.csproj", "{59D2134E-A0C9-4CFF-A921-E5A858DA240A}"
EndProject
Project("{FAE04EC0-301F-11D3-BF4B-00C04F79EFBC}") = "SLSSDK40", "SLSSDK\SLSSDK40.csproj", "{4DBAE4C0-1B9A-4BD0-A9D3-8029AE319287}"
EndProject
Global
	GlobalSection(SolutionConfigurationPlatforms) = preSolution
		Debug|Any CPU = Debug|Any CPU
		Debug|x64 = Debug|x64
		Release|Any CPU = Release|Any CPU
		Release|x64 = Release|x64
	EndGlobalSection
	GlobalSection(ProjectConfigurationPlatforms) = postSolution
		{59D2134E-A0C9-4CFF-A921-E5A858DA240A}.Debug|Any CPU.ActiveCfg = Debug|Any CPU
		{59D2134E-A0C9-4CFF-A921-E5A858DA240A}.Debug|Any CPU.Build.0 = Debug|Any CPU
		{59D2134E-A0C9-4CFF-A921-E5A858DA240A}.Debug|x64.ActiveCfg = Debug|x64
		{59D2134E-A0C9-4CFF-A921-E5A858DA240A}.Debug|x64.Build.0 = Debug|x64
		{59D2134E-A0C9-4CFF-A921-E5A858DA240A}.Release|Any CPU.ActiveCfg = Release|Any CPU
		{59D2134E-A0C9-4CFF-A921-E5A858DA240A}.Release|Any CPU.Build.0 = Release|Any CPU
		{59D2134E-A0C9-4CFF-A921-E5A858DA240A}.Release|x64.ActiveCfg = Release|x64
		{59D2134E-A0C9-4CFF-A921-E5A858DA240A}.Release|x64.Build.0 = Release|x64
		{4DBAE4C0-1B9A-4BD0-A9D3-8029AE319287}.Debug|Any CPU.ActiveCfg = Debug|Any CPU
		{4DBAE4C0-1B9A-4BD0-A9D3-8029AE319287}.Debug|Any CPU.Build.0 = Debug|Any CPU
		{4DBAE4C0-1B9A-4BD0-A9D3-8029AE319287}.Debug|x64.ActiveCfg = Debug|Any CPU
		{4DBAE4C0-1B9A-4BD0-A9D3-8029AE319287}.Debug|x64.Build.0 = Debug|Any CPU
		{4DBAE4C0-1B9A-4BD0-A9D3-8029AE319287}.Release|Any CPU.ActiveCfg = Release|Any CPU
		{4DBAE4C0-1B9A-4BD0-A9D3-8029AE319287}.Release|Any CPU.Build.0 = Release|Any CPU
		{4DBAE4C0-1B9A-4BD0-A9D3-8029AE319287}.Release|x64.ActiveCfg = Release|Any CPU
		{4DBAE4C0-1B9A-4BD0-A9D3-8029AE319287}.Release|x64.Build.0 = Release|Any CPU
	EndGlobalSection
	GlobalSection(SolutionProperties) = preSolution
		HideSolutionNode = FALSE
	EndGlobalSection
EndGlobal
